
Microsoft Visual Studio Solution File, Format Version 12.00
# Visual Studio Version 17
VisualStudioVersion = 17.8.34525.116
MinimumVisualStudioVersion = 10.0.40219.1
Project("{FAE04EC0-301F-11D3-BF4B-00C04F79EFBC}") = "InvestCloudTest2", "InvestCloudTest2\InvestCloudTest2.csproj", "{595FE0E2-939A-4CAA-A907-E5FEAD1E5BC6}"
EndProject
Global
	GlobalSection(SolutionConfigurationPlatforms) = preSolution
		Debug|Any CPU = Debug|Any CPU
		Release|Any CPU = Release|Any CPU
	EndGlobalSection
	GlobalSection(ProjectConfigurationPlatforms) = postSolution
		{595FE0E2-939A-4CAA-A907-E5FEAD1E5BC6}.Debug|Any CPU.ActiveCfg = Debug|Any CPU
		{595FE0E2-939A-4CAA-A907-E5FEAD1E5BC6}.Debug|Any CPU.Build.0 = Debug|Any CPU
		{595FE0E2-939A-4CAA-A907-E5FEAD1E5BC6}.Release|Any CPU.ActiveCfg = Release|Any CPU
		{595FE0E2-939A-4CAA-A907-E5FEAD1E5BC6}.Release|Any CPU.Build.0 = Release|Any CPU
	EndGlobalSection
	GlobalSection(SolutionProperties) = preSolution
		HideSolutionNode = FALSE
	EndGlobalSection
	GlobalSection(ExtensibilityGlobals) = postSolution
		SolutionGuid = {7BF56178-0D39-4DCB-9734-FBD5E9C6F3A8}
	EndGlobalSection
EndGlobal
